
Microsoft Visual Studio Solution File, Format Version 12.00
# Visual Studio 15
VisualStudioVersion = 15.0.26228.9
MinimumVisualStudioVersion = 10.0.40219.1
Project("{FAE04EC0-301F-11D3-BF4B-00C04F79EFBC}") = "ToDoList.API", "ToDoList.API\ToDoList.API.csproj", "{CFFC7437-BF3E-4BE7-A5CB-00EC5C111073}"
EndProject
Project("{FAE04EC0-301F-11D3-BF4B-00C04F79EFBC}") = "ToDoList.API.Tests", "ToDoList.API.Tests\ToDoList.API.Tests.csproj", "{C8A825B0-EF8F-4D70-866F-B4EDECAF45BE}"
EndProject
Project("{FAE04EC0-301F-11D3-BF4B-00C04F79EFBC}") = "ToDoList.Contracts", "ToDoList.Contracts\ToDoList.Contracts.csproj", "{C99CA0DF-EF95-4C87-AC05-235CB1010A8B}"
EndProject
Project("{FAE04EC0-301F-11D3-BF4B-00C04F79EFBC}") = "ToDoList.Repository", "ToDoList.Repository\ToDoList.Repository.csproj", "{E3CF4AD1-6BCA-41D6-8F84-F5EF56D20F75}"
EndProject
Global
	GlobalSection(SolutionConfigurationPlatforms) = preSolution
		Debug|Any CPU = Debug|Any CPU
		Release|Any CPU = Release|Any CPU
	EndGlobalSection
	GlobalSection(ProjectConfigurationPlatforms) = postSolution
		{CFFC7437-BF3E-4BE7-A5CB-00EC5C111073}.Debug|Any CPU.ActiveCfg = Debug|Any CPU
		{CFFC7437-BF3E-4BE7-A5CB-00EC5C111073}.Debug|Any CPU.Build.0 = Debug|Any CPU
		{CFFC7437-BF3E-4BE7-A5CB-00EC5C111073}.Release|Any CPU.ActiveCfg = Release|Any CPU
		{CFFC7437-BF3E-4BE7-A5CB-00EC5C111073}.Release|Any CPU.Build.0 = Release|Any CPU
		{C8A825B0-EF8F-4D70-866F-B4EDECAF45BE}.Debug|Any CPU.ActiveCfg = Debug|Any CPU
		{C8A825B0-EF8F-4D70-866F-B4EDECAF45BE}.Debug|Any CPU.Build.0 = Debug|Any CPU
		{C8A825B0-EF8F-4D70-866F-B4EDECAF45BE}.Release|Any CPU.ActiveCfg = Release|Any CPU
		{C8A825B0-EF8F-4D70-866F-B4EDECAF45BE}.Release|Any CPU.Build.0 = Release|Any CPU
		{C99CA0DF-EF95-4C87-AC05-235CB1010A8B}.Debug|Any CPU.ActiveCfg = Debug|Any CPU
		{C99CA0DF-EF95-4C87-AC05-235CB1010A8B}.Debug|Any CPU.Build.0 = Debug|Any CPU
		{C99CA0DF-EF95-4C87-AC05-235CB1010A8B}.Release|Any CPU.ActiveCfg = Release|Any CPU
		{C99CA0DF-EF95-4C87-AC05-235CB1010A8B}.Release|Any CPU.Build.0 = Release|Any CPU
		{E3CF4AD1-6BCA-41D6-8F84-F5EF56D20F75}.Debug|Any CPU.ActiveCfg = Debug|Any CPU
		{E3CF4AD1-6BCA-41D6-8F84-F5EF56D20F75}.Debug|Any CPU.Build.0 = Debug|Any CPU
		{E3CF4AD1-6BCA-41D6-8F84-F5EF56D20F75}.Release|Any CPU.ActiveCfg = Release|Any CPU
		{E3CF4AD1-6BCA-41D6-8F84-F5EF56D20F75}.Release|Any CPU.Build.0 = Release|Any CPU
	EndGlobalSection
	GlobalSection(SolutionProperties) = preSolution
		HideSolutionNode = FALSE
	EndGlobalSection
EndGlobal
