
Microsoft Visual Studio Solution File, Format Version 12.00
# Visual Studio 15
VisualStudioVersion = 15.0.26228.9
MinimumVisualStudioVersion = 10.0.40219.1
Project("{FAE04EC0-301F-11D3-BF4B-00C04F79EFBC}") = "ToDoList.API", "ToDoList.API\ToDoList.API.csproj", "{CFFC7437-BF3E-4BE7-A5CB-00EC5C111073}"
EndProject
Project("{FAE04EC0-301F-11D3-BF4B-00C04F79EFBC}") = "ToDoList.API.Tests", "ToDoList.API.Tests\ToDoList.API.Tests.csproj", "{C8A825B0-EF8F-4D70-866F-B4EDECAF45BE}"
EndProject
Global
	GlobalSection(SolutionConfigurationPlatforms) = preSolution
		Debug|Any CPU = Debug|Any CPU
		Release|Any CPU = Release|Any CPU
	EndGlobalSection
	GlobalSection(ProjectConfigurationPlatforms) = postSolution
		{CFFC7437-BF3E-4BE7-A5CB-00EC5C111073}.Debug|Any CPU.ActiveCfg = Debug|Any CPU
		{CFFC7437-BF3E-4BE7-A5CB-00EC5C111073}.Debug|Any CPU.Build.0 = Debug|Any CPU
		{CFFC7437-BF3E-4BE7-A5CB-00EC5C111073}.Release|Any CPU.ActiveCfg = Release|Any CPU
		{CFFC7437-BF3E-4BE7-A5CB-00EC5C111073}.Release|Any CPU.Build.0 = Release|Any CPU
		{C8A825B0-EF8F-4D70-866F-B4EDECAF45BE}.Debug|Any CPU.ActiveCfg = Debug|Any CPU
		{C8A825B0-EF8F-4D70-866F-B4EDECAF45BE}.Debug|Any CPU.Build.0 = Debug|Any CPU
		{C8A825B0-EF8F-4D70-866F-B4EDECAF45BE}.Release|Any CPU.ActiveCfg = Release|Any CPU
		{C8A825B0-EF8F-4D70-866F-B4EDECAF45BE}.Release|Any CPU.Build.0 = Release|Any CPU
	EndGlobalSection
	GlobalSection(SolutionProperties) = preSolution
		HideSolutionNode = FALSE
	EndGlobalSection
EndGlobal
