
Microsoft Visual Studio Solution File, Format Version 12.00
# Visual Studio 15
VisualStudioVersion = 15.0.26228.9
MinimumVisualStudioVersion = 10.0.40219.1
Project("{FAE04EC0-301F-11D3-BF4B-00C04F79EFBC}") = "ToDoList.Api", "src\ToDoList.Api\ToDoList.Api.csproj", "{CFFC7437-BF3E-4BE7-A5CB-00EC5C111073}"
EndProject
Project("{FAE04EC0-301F-11D3-BF4B-00C04F79EFBC}") = "ToDoList.Api.Tests", "test\ToDoList.Api.Tests\ToDoList.Api.Tests.csproj", "{C8A825B0-EF8F-4D70-866F-B4EDECAF45BE}"
EndProject
Project("{FAE04EC0-301F-11D3-BF4B-00C04F79EFBC}") = "ToDoList.Contracts", "src\ToDoList.Contracts\ToDoList.Contracts.csproj", "{C99CA0DF-EF95-4C87-AC05-235CB1010A8B}"
EndProject
Project("{FAE04EC0-301F-11D3-BF4B-00C04F79EFBC}") = "ToDoList.Repository", "src\ToDoList.Repository\ToDoList.Repository.csproj", "{E3CF4AD1-6BCA-41D6-8F84-F5EF56D20F75}"
EndProject
Project("{FAE04EC0-301F-11D3-BF4B-00C04F79EFBC}") = "ToDoList.DependencyInjection", "src\ToDoList.DependencyInjection\ToDoList.DependencyInjection.csproj", "{E2AD6A67-7FF8-4464-94BE-5978132140B5}"
EndProject
Project("{FAE04EC0-301F-11D3-BF4B-00C04F79EFBC}") = "ToDoList.Api.Services", "src\ToDoList.Api.Services\ToDoList.Api.Services.csproj", "{06E56C1D-EC53-4FEA-9FFC-8C22434CC96C}"
EndProject
Project("{FAE04EC0-301F-11D3-BF4B-00C04F79EFBC}") = "ToDoList.Api.DependencyInjection", "src\ToDoList.Api.DependencyInjection\ToDoList.Api.DependencyInjection.csproj", "{78F73542-C41F-457C-8DC1-E4E121E40B6C}"
EndProject
Project("{FAE04EC0-301F-11D3-BF4B-00C04F79EFBC}") = "ToDoList.Api.Services.Tests", "test\ToDoList.Api.Services.Tests\ToDoList.Api.Services.Tests.csproj", "{C5769BBC-4874-423E-B495-9B1E7B639D07}"
EndProject
Project("{FAE04EC0-301F-11D3-BF4B-00C04F79EFBC}") = "ToDoList.Api.DependencyInjection.Tests", "test\ToDoList.Api.DependencyInjection.Tests\ToDoList.Api.DependencyInjection.Tests.csproj", "{0D950B0E-7F4D-4F6F-A3D0-EA1B19A3BB85}"
EndProject
Project("{2150E333-8FDC-42A3-9474-1A3956D46DE8}") = "test", "test", "{D3B7909E-5F1F-4963-9E8A-9F25F764E736}"
EndProject
Project("{2150E333-8FDC-42A3-9474-1A3956D46DE8}") = "src", "src", "{0F0B1F21-AF93-494E-97C5-40CCD56F6842}"
EndProject
Project("{FAE04EC0-301F-11D3-BF4B-00C04F79EFBC}") = "ToDoList.Services", "src\ToDoList.Services\ToDoList.Services.csproj", "{46F1BD4D-924A-472E-84B7-74BCF02E93D8}"
EndProject
Project("{FAE04EC0-301F-11D3-BF4B-00C04F79EFBC}") = "ToDoList.Services.Tests", "test\ToDoList.Services.Tests\ToDoList.Services.Tests.csproj", "{C2C67454-274A-4954-80EF-6A6BAB9C30CD}"
EndProject
Global
	GlobalSection(SolutionConfigurationPlatforms) = preSolution
		Debug|Any CPU = Debug|Any CPU
		Release|Any CPU = Release|Any CPU
	EndGlobalSection
	GlobalSection(ProjectConfigurationPlatforms) = postSolution
		{CFFC7437-BF3E-4BE7-A5CB-00EC5C111073}.Debug|Any CPU.ActiveCfg = Debug|Any CPU
		{CFFC7437-BF3E-4BE7-A5CB-00EC5C111073}.Debug|Any CPU.Build.0 = Debug|Any CPU
		{CFFC7437-BF3E-4BE7-A5CB-00EC5C111073}.Release|Any CPU.ActiveCfg = Release|Any CPU
		{CFFC7437-BF3E-4BE7-A5CB-00EC5C111073}.Release|Any CPU.Build.0 = Release|Any CPU
		{C8A825B0-EF8F-4D70-866F-B4EDECAF45BE}.Debug|Any CPU.ActiveCfg = Debug|Any CPU
		{C8A825B0-EF8F-4D70-866F-B4EDECAF45BE}.Debug|Any CPU.Build.0 = Debug|Any CPU
		{C8A825B0-EF8F-4D70-866F-B4EDECAF45BE}.Release|Any CPU.ActiveCfg = Release|Any CPU
		{C8A825B0-EF8F-4D70-866F-B4EDECAF45BE}.Release|Any CPU.Build.0 = Release|Any CPU
		{C99CA0DF-EF95-4C87-AC05-235CB1010A8B}.Debug|Any CPU.ActiveCfg = Debug|Any CPU
		{C99CA0DF-EF95-4C87-AC05-235CB1010A8B}.Debug|Any CPU.Build.0 = Debug|Any CPU
		{C99CA0DF-EF95-4C87-AC05-235CB1010A8B}.Release|Any CPU.ActiveCfg = Release|Any CPU
		{C99CA0DF-EF95-4C87-AC05-235CB1010A8B}.Release|Any CPU.Build.0 = Release|Any CPU
		{E3CF4AD1-6BCA-41D6-8F84-F5EF56D20F75}.Debug|Any CPU.ActiveCfg = Debug|Any CPU
		{E3CF4AD1-6BCA-41D6-8F84-F5EF56D20F75}.Debug|Any CPU.Build.0 = Debug|Any CPU
		{E3CF4AD1-6BCA-41D6-8F84-F5EF56D20F75}.Release|Any CPU.ActiveCfg = Release|Any CPU
		{E3CF4AD1-6BCA-41D6-8F84-F5EF56D20F75}.Release|Any CPU.Build.0 = Release|Any CPU
		{E2AD6A67-7FF8-4464-94BE-5978132140B5}.Debug|Any CPU.ActiveCfg = Debug|Any CPU
		{E2AD6A67-7FF8-4464-94BE-5978132140B5}.Debug|Any CPU.Build.0 = Debug|Any CPU
		{E2AD6A67-7FF8-4464-94BE-5978132140B5}.Release|Any CPU.ActiveCfg = Release|Any CPU
		{E2AD6A67-7FF8-4464-94BE-5978132140B5}.Release|Any CPU.Build.0 = Release|Any CPU
		{06E56C1D-EC53-4FEA-9FFC-8C22434CC96C}.Debug|Any CPU.ActiveCfg = Debug|Any CPU
		{06E56C1D-EC53-4FEA-9FFC-8C22434CC96C}.Debug|Any CPU.Build.0 = Debug|Any CPU
		{06E56C1D-EC53-4FEA-9FFC-8C22434CC96C}.Release|Any CPU.ActiveCfg = Release|Any CPU
		{06E56C1D-EC53-4FEA-9FFC-8C22434CC96C}.Release|Any CPU.Build.0 = Release|Any CPU
		{78F73542-C41F-457C-8DC1-E4E121E40B6C}.Debug|Any CPU.ActiveCfg = Debug|Any CPU
		{78F73542-C41F-457C-8DC1-E4E121E40B6C}.Debug|Any CPU.Build.0 = Debug|Any CPU
		{78F73542-C41F-457C-8DC1-E4E121E40B6C}.Release|Any CPU.ActiveCfg = Release|Any CPU
		{78F73542-C41F-457C-8DC1-E4E121E40B6C}.Release|Any CPU.Build.0 = Release|Any CPU
		{C5769BBC-4874-423E-B495-9B1E7B639D07}.Debug|Any CPU.ActiveCfg = Debug|Any CPU
		{C5769BBC-4874-423E-B495-9B1E7B639D07}.Debug|Any CPU.Build.0 = Debug|Any CPU
		{C5769BBC-4874-423E-B495-9B1E7B639D07}.Release|Any CPU.ActiveCfg = Release|Any CPU
		{C5769BBC-4874-423E-B495-9B1E7B639D07}.Release|Any CPU.Build.0 = Release|Any CPU
		{0D950B0E-7F4D-4F6F-A3D0-EA1B19A3BB85}.Debug|Any CPU.ActiveCfg = Debug|Any CPU
		{0D950B0E-7F4D-4F6F-A3D0-EA1B19A3BB85}.Debug|Any CPU.Build.0 = Debug|Any CPU
		{0D950B0E-7F4D-4F6F-A3D0-EA1B19A3BB85}.Release|Any CPU.ActiveCfg = Release|Any CPU
		{0D950B0E-7F4D-4F6F-A3D0-EA1B19A3BB85}.Release|Any CPU.Build.0 = Release|Any CPU
		{46F1BD4D-924A-472E-84B7-74BCF02E93D8}.Debug|Any CPU.ActiveCfg = Debug|Any CPU
		{46F1BD4D-924A-472E-84B7-74BCF02E93D8}.Debug|Any CPU.Build.0 = Debug|Any CPU
		{46F1BD4D-924A-472E-84B7-74BCF02E93D8}.Release|Any CPU.ActiveCfg = Release|Any CPU
		{46F1BD4D-924A-472E-84B7-74BCF02E93D8}.Release|Any CPU.Build.0 = Release|Any CPU
		{C2C67454-274A-4954-80EF-6A6BAB9C30CD}.Debug|Any CPU.ActiveCfg = Debug|Any CPU
		{C2C67454-274A-4954-80EF-6A6BAB9C30CD}.Debug|Any CPU.Build.0 = Debug|Any CPU
		{C2C67454-274A-4954-80EF-6A6BAB9C30CD}.Release|Any CPU.ActiveCfg = Release|Any CPU
		{C2C67454-274A-4954-80EF-6A6BAB9C30CD}.Release|Any CPU.Build.0 = Release|Any CPU
	EndGlobalSection
	GlobalSection(SolutionProperties) = preSolution
		HideSolutionNode = FALSE
	EndGlobalSection
	GlobalSection(NestedProjects) = preSolution
		{CFFC7437-BF3E-4BE7-A5CB-00EC5C111073} = {0F0B1F21-AF93-494E-97C5-40CCD56F6842}
		{C8A825B0-EF8F-4D70-866F-B4EDECAF45BE} = {D3B7909E-5F1F-4963-9E8A-9F25F764E736}
		{C99CA0DF-EF95-4C87-AC05-235CB1010A8B} = {0F0B1F21-AF93-494E-97C5-40CCD56F6842}
		{E3CF4AD1-6BCA-41D6-8F84-F5EF56D20F75} = {0F0B1F21-AF93-494E-97C5-40CCD56F6842}
		{E2AD6A67-7FF8-4464-94BE-5978132140B5} = {0F0B1F21-AF93-494E-97C5-40CCD56F6842}
		{06E56C1D-EC53-4FEA-9FFC-8C22434CC96C} = {0F0B1F21-AF93-494E-97C5-40CCD56F6842}
		{78F73542-C41F-457C-8DC1-E4E121E40B6C} = {0F0B1F21-AF93-494E-97C5-40CCD56F6842}
		{C5769BBC-4874-423E-B495-9B1E7B639D07} = {D3B7909E-5F1F-4963-9E8A-9F25F764E736}
		{0D950B0E-7F4D-4F6F-A3D0-EA1B19A3BB85} = {D3B7909E-5F1F-4963-9E8A-9F25F764E736}
		{46F1BD4D-924A-472E-84B7-74BCF02E93D8} = {0F0B1F21-AF93-494E-97C5-40CCD56F6842}
		{C2C67454-274A-4954-80EF-6A6BAB9C30CD} = {D3B7909E-5F1F-4963-9E8A-9F25F764E736}
	EndGlobalSection
EndGlobal
